
Microsoft Visual Studio Solution File, Format Version 12.00
# Visual Studio 14
VisualStudioVersion = 14.0.25123.0
MinimumVisualStudioVersion = 10.0.40219.1
Project("{FAE04EC0-301F-11D3-BF4B-00C04F79EFBC}") = "BubbleBreakerConsole", "BubbleBreakerConsole\BubbleBreakerConsole.csproj", "{F592D8EE-64AD-49D1-9CC9-9B335581CEA8}"
EndProject
Project("{FAE04EC0-301F-11D3-BF4B-00C04F79EFBC}") = "BubbleBreakerUWP", "BubbleBreakerUWP\BubbleBreakerUWP.csproj", "{2A765976-8BB0-45BF-9695-2B8D9A743AE7}"
EndProject
Project("{FAE04EC0-301F-11D3-BF4B-00C04F79EFBC}") = "BubbleBreakerPhone8", "BubbleBreakerPhone8\BubbleBreakerPhone8.csproj", "{DD94E52F-E67E-4D72-B251-95D0534420CF}"
EndProject
Project("{FAE04EC0-301F-11D3-BF4B-00C04F79EFBC}") = "BubbleBreakerLib", "BubbleBreakerLib\BubbleBreakerLib.csproj", "{937BE89C-76D2-4513-91A9-9C18A5F7E312}"
EndProject
Project("{FAE04EC0-301F-11D3-BF4B-00C04F79EFBC}") = "AnimationTest", "AnimationTest\AnimationTest.csproj", "{DD218172-B791-4977-90EB-28F5BBCB9416}"
EndProject
Project("{FAE04EC0-301F-11D3-BF4B-00C04F79EFBC}") = "BubbleBreakerGfxLib", "BubbleBreakerGfxLib\BubbleBreakerGfxLib.csproj", "{5D21836F-BBCE-4EC5-96B8-939750C292D5}"
EndProject
Global
	GlobalSection(SolutionConfigurationPlatforms) = preSolution
		Debug|Any CPU = Debug|Any CPU
		Debug|ARM = Debug|ARM
		Debug|x64 = Debug|x64
		Debug|x86 = Debug|x86
		Release|Any CPU = Release|Any CPU
		Release|ARM = Release|ARM
		Release|x64 = Release|x64
		Release|x86 = Release|x86
	EndGlobalSection
	GlobalSection(ProjectConfigurationPlatforms) = postSolution
		{F592D8EE-64AD-49D1-9CC9-9B335581CEA8}.Debug|Any CPU.ActiveCfg = Debug|Any CPU
		{F592D8EE-64AD-49D1-9CC9-9B335581CEA8}.Debug|Any CPU.Build.0 = Debug|Any CPU
		{F592D8EE-64AD-49D1-9CC9-9B335581CEA8}.Debug|ARM.ActiveCfg = Debug|Any CPU
		{F592D8EE-64AD-49D1-9CC9-9B335581CEA8}.Debug|ARM.Build.0 = Debug|Any CPU
		{F592D8EE-64AD-49D1-9CC9-9B335581CEA8}.Debug|x64.ActiveCfg = Debug|Any CPU
		{F592D8EE-64AD-49D1-9CC9-9B335581CEA8}.Debug|x64.Build.0 = Debug|Any CPU
		{F592D8EE-64AD-49D1-9CC9-9B335581CEA8}.Debug|x86.ActiveCfg = Debug|Any CPU
		{F592D8EE-64AD-49D1-9CC9-9B335581CEA8}.Debug|x86.Build.0 = Debug|Any CPU
		{F592D8EE-64AD-49D1-9CC9-9B335581CEA8}.Release|Any CPU.ActiveCfg = Release|Any CPU
		{F592D8EE-64AD-49D1-9CC9-9B335581CEA8}.Release|Any CPU.Build.0 = Release|Any CPU
		{F592D8EE-64AD-49D1-9CC9-9B335581CEA8}.Release|ARM.ActiveCfg = Release|Any CPU
		{F592D8EE-64AD-49D1-9CC9-9B335581CEA8}.Release|ARM.Build.0 = Release|Any CPU
		{F592D8EE-64AD-49D1-9CC9-9B335581CEA8}.Release|x64.ActiveCfg = Release|Any CPU
		{F592D8EE-64AD-49D1-9CC9-9B335581CEA8}.Release|x64.Build.0 = Release|Any CPU
		{F592D8EE-64AD-49D1-9CC9-9B335581CEA8}.Release|x86.ActiveCfg = Release|Any CPU
		{F592D8EE-64AD-49D1-9CC9-9B335581CEA8}.Release|x86.Build.0 = Release|Any CPU
		{2A765976-8BB0-45BF-9695-2B8D9A743AE7}.Debug|Any CPU.ActiveCfg = Debug|x86
		{2A765976-8BB0-45BF-9695-2B8D9A743AE7}.Debug|ARM.ActiveCfg = Debug|x86
		{2A765976-8BB0-45BF-9695-2B8D9A743AE7}.Debug|ARM.Build.0 = Debug|x86
		{2A765976-8BB0-45BF-9695-2B8D9A743AE7}.Debug|ARM.Deploy.0 = Debug|x86
		{2A765976-8BB0-45BF-9695-2B8D9A743AE7}.Debug|x64.ActiveCfg = Debug|x64
		{2A765976-8BB0-45BF-9695-2B8D9A743AE7}.Debug|x64.Build.0 = Debug|x64
		{2A765976-8BB0-45BF-9695-2B8D9A743AE7}.Debug|x64.Deploy.0 = Debug|x64
		{2A765976-8BB0-45BF-9695-2B8D9A743AE7}.Debug|x86.ActiveCfg = Debug|x86
		{2A765976-8BB0-45BF-9695-2B8D9A743AE7}.Debug|x86.Build.0 = Debug|x86
		{2A765976-8BB0-45BF-9695-2B8D9A743AE7}.Debug|x86.Deploy.0 = Debug|x86
		{2A765976-8BB0-45BF-9695-2B8D9A743AE7}.Release|Any CPU.ActiveCfg = Release|x86
		{2A765976-8BB0-45BF-9695-2B8D9A743AE7}.Release|ARM.ActiveCfg = Release|ARM
		{2A765976-8BB0-45BF-9695-2B8D9A743AE7}.Release|ARM.Build.0 = Release|ARM
		{2A765976-8BB0-45BF-9695-2B8D9A743AE7}.Release|ARM.Deploy.0 = Release|ARM
		{2A765976-8BB0-45BF-9695-2B8D9A743AE7}.Release|x64.ActiveCfg = Release|x64
		{2A765976-8BB0-45BF-9695-2B8D9A743AE7}.Release|x64.Build.0 = Release|x64
		{2A765976-8BB0-45BF-9695-2B8D9A743AE7}.Release|x64.Deploy.0 = Release|x64
		{2A765976-8BB0-45BF-9695-2B8D9A743AE7}.Release|x86.ActiveCfg = Release|x86
		{2A765976-8BB0-45BF-9695-2B8D9A743AE7}.Release|x86.Build.0 = Release|x86
		{2A765976-8BB0-45BF-9695-2B8D9A743AE7}.Release|x86.Deploy.0 = Release|x86
		{DD94E52F-E67E-4D72-B251-95D0534420CF}.Debug|Any CPU.ActiveCfg = Debug|Any CPU
		{DD94E52F-E67E-4D72-B251-95D0534420CF}.Debug|Any CPU.Build.0 = Debug|Any CPU
		{DD94E52F-E67E-4D72-B251-95D0534420CF}.Debug|Any CPU.Deploy.0 = Debug|Any CPU
		{DD94E52F-E67E-4D72-B251-95D0534420CF}.Debug|ARM.ActiveCfg = Debug|ARM
		{DD94E52F-E67E-4D72-B251-95D0534420CF}.Debug|ARM.Build.0 = Debug|ARM
		{DD94E52F-E67E-4D72-B251-95D0534420CF}.Debug|ARM.Deploy.0 = Debug|ARM
		{DD94E52F-E67E-4D72-B251-95D0534420CF}.Debug|x64.ActiveCfg = Debug|Any CPU
		{DD94E52F-E67E-4D72-B251-95D0534420CF}.Debug|x64.Build.0 = Debug|Any CPU
		{DD94E52F-E67E-4D72-B251-95D0534420CF}.Debug|x64.Deploy.0 = Debug|Any CPU
		{DD94E52F-E67E-4D72-B251-95D0534420CF}.Debug|x86.ActiveCfg = Debug|x86
		{DD94E52F-E67E-4D72-B251-95D0534420CF}.Debug|x86.Build.0 = Debug|x86
		{DD94E52F-E67E-4D72-B251-95D0534420CF}.Debug|x86.Deploy.0 = Debug|x86
		{DD94E52F-E67E-4D72-B251-95D0534420CF}.Release|Any CPU.ActiveCfg = Release|Any CPU
		{DD94E52F-E67E-4D72-B251-95D0534420CF}.Release|Any CPU.Build.0 = Release|Any CPU
		{DD94E52F-E67E-4D72-B251-95D0534420CF}.Release|Any CPU.Deploy.0 = Release|Any CPU
		{DD94E52F-E67E-4D72-B251-95D0534420CF}.Release|ARM.ActiveCfg = Release|ARM
		{DD94E52F-E67E-4D72-B251-95D0534420CF}.Release|ARM.Build.0 = Release|ARM
		{DD94E52F-E67E-4D72-B251-95D0534420CF}.Release|ARM.Deploy.0 = Release|ARM
		{DD94E52F-E67E-4D72-B251-95D0534420CF}.Release|x64.ActiveCfg = Release|Any CPU
		{DD94E52F-E67E-4D72-B251-95D0534420CF}.Release|x64.Build.0 = Release|Any CPU
		{DD94E52F-E67E-4D72-B251-95D0534420CF}.Release|x64.Deploy.0 = Release|Any CPU
		{DD94E52F-E67E-4D72-B251-95D0534420CF}.Release|x86.ActiveCfg = Release|x86
		{DD94E52F-E67E-4D72-B251-95D0534420CF}.Release|x86.Build.0 = Release|x86
		{DD94E52F-E67E-4D72-B251-95D0534420CF}.Release|x86.Deploy.0 = Release|x86
		{937BE89C-76D2-4513-91A9-9C18A5F7E312}.Debug|Any CPU.ActiveCfg = Debug|Any CPU
		{937BE89C-76D2-4513-91A9-9C18A5F7E312}.Debug|Any CPU.Build.0 = Debug|Any CPU
		{937BE89C-76D2-4513-91A9-9C18A5F7E312}.Debug|ARM.ActiveCfg = Debug|Any CPU
		{937BE89C-76D2-4513-91A9-9C18A5F7E312}.Debug|ARM.Build.0 = Debug|Any CPU
		{937BE89C-76D2-4513-91A9-9C18A5F7E312}.Debug|x64.ActiveCfg = Debug|Any CPU
		{937BE89C-76D2-4513-91A9-9C18A5F7E312}.Debug|x64.Build.0 = Debug|Any CPU
		{937BE89C-76D2-4513-91A9-9C18A5F7E312}.Debug|x86.ActiveCfg = Debug|Any CPU
		{937BE89C-76D2-4513-91A9-9C18A5F7E312}.Debug|x86.Build.0 = Debug|Any CPU
		{937BE89C-76D2-4513-91A9-9C18A5F7E312}.Release|Any CPU.ActiveCfg = Release|Any CPU
		{937BE89C-76D2-4513-91A9-9C18A5F7E312}.Release|Any CPU.Build.0 = Release|Any CPU
		{937BE89C-76D2-4513-91A9-9C18A5F7E312}.Release|ARM.ActiveCfg = Release|Any CPU
		{937BE89C-76D2-4513-91A9-9C18A5F7E312}.Release|ARM.Build.0 = Release|Any CPU
		{937BE89C-76D2-4513-91A9-9C18A5F7E312}.Release|x64.ActiveCfg = Release|Any CPU
		{937BE89C-76D2-4513-91A9-9C18A5F7E312}.Release|x64.Build.0 = Release|Any CPU
		{937BE89C-76D2-4513-91A9-9C18A5F7E312}.Release|x86.ActiveCfg = Release|Any CPU
		{937BE89C-76D2-4513-91A9-9C18A5F7E312}.Release|x86.Build.0 = Release|Any CPU
		{DD218172-B791-4977-90EB-28F5BBCB9416}.Debug|Any CPU.ActiveCfg = Debug|x86
		{DD218172-B791-4977-90EB-28F5BBCB9416}.Debug|ARM.ActiveCfg = Debug|ARM
		{DD218172-B791-4977-90EB-28F5BBCB9416}.Debug|ARM.Build.0 = Debug|ARM
		{DD218172-B791-4977-90EB-28F5BBCB9416}.Debug|ARM.Deploy.0 = Debug|ARM
		{DD218172-B791-4977-90EB-28F5BBCB9416}.Debug|x64.ActiveCfg = Debug|x64
		{DD218172-B791-4977-90EB-28F5BBCB9416}.Debug|x64.Build.0 = Debug|x64
		{DD218172-B791-4977-90EB-28F5BBCB9416}.Debug|x64.Deploy.0 = Debug|x64
		{DD218172-B791-4977-90EB-28F5BBCB9416}.Debug|x86.ActiveCfg = Debug|x86
		{DD218172-B791-4977-90EB-28F5BBCB9416}.Debug|x86.Build.0 = Debug|x86
		{DD218172-B791-4977-90EB-28F5BBCB9416}.Debug|x86.Deploy.0 = Debug|x86
		{DD218172-B791-4977-90EB-28F5BBCB9416}.Release|Any CPU.ActiveCfg = Release|x86
		{DD218172-B791-4977-90EB-28F5BBCB9416}.Release|ARM.ActiveCfg = Release|ARM
		{DD218172-B791-4977-90EB-28F5BBCB9416}.Release|ARM.Build.0 = Release|ARM
		{DD218172-B791-4977-90EB-28F5BBCB9416}.Release|ARM.Deploy.0 = Release|ARM
		{DD218172-B791-4977-90EB-28F5BBCB9416}.Release|x64.ActiveCfg = Release|x64
		{DD218172-B791-4977-90EB-28F5BBCB9416}.Release|x64.Build.0 = Release|x64
		{DD218172-B791-4977-90EB-28F5BBCB9416}.Release|x64.Deploy.0 = Release|x64
		{DD218172-B791-4977-90EB-28F5BBCB9416}.Release|x86.ActiveCfg = Release|x86
		{DD218172-B791-4977-90EB-28F5BBCB9416}.Release|x86.Build.0 = Release|x86
		{DD218172-B791-4977-90EB-28F5BBCB9416}.Release|x86.Deploy.0 = Release|x86
		{5D21836F-BBCE-4EC5-96B8-939750C292D5}.Debug|Any CPU.ActiveCfg = Debug|Any CPU
		{5D21836F-BBCE-4EC5-96B8-939750C292D5}.Debug|Any CPU.Build.0 = Debug|Any CPU
		{5D21836F-BBCE-4EC5-96B8-939750C292D5}.Debug|ARM.ActiveCfg = Debug|ARM
		{5D21836F-BBCE-4EC5-96B8-939750C292D5}.Debug|ARM.Build.0 = Debug|ARM
		{5D21836F-BBCE-4EC5-96B8-939750C292D5}.Debug|x64.ActiveCfg = Debug|x64
		{5D21836F-BBCE-4EC5-96B8-939750C292D5}.Debug|x64.Build.0 = Debug|x64
		{5D21836F-BBCE-4EC5-96B8-939750C292D5}.Debug|x86.ActiveCfg = Debug|x86
		{5D21836F-BBCE-4EC5-96B8-939750C292D5}.Debug|x86.Build.0 = Debug|x86
		{5D21836F-BBCE-4EC5-96B8-939750C292D5}.Release|Any CPU.ActiveCfg = Release|Any CPU
		{5D21836F-BBCE-4EC5-96B8-939750C292D5}.Release|Any CPU.Build.0 = Release|Any CPU
		{5D21836F-BBCE-4EC5-96B8-939750C292D5}.Release|ARM.ActiveCfg = Release|ARM
		{5D21836F-BBCE-4EC5-96B8-939750C292D5}.Release|ARM.Build.0 = Release|ARM
		{5D21836F-BBCE-4EC5-96B8-939750C292D5}.Release|x64.ActiveCfg = Release|x64
		{5D21836F-BBCE-4EC5-96B8-939750C292D5}.Release|x64.Build.0 = Release|x64
		{5D21836F-BBCE-4EC5-96B8-939750C292D5}.Release|x86.ActiveCfg = Release|x86
		{5D21836F-BBCE-4EC5-96B8-939750C292D5}.Release|x86.Build.0 = Release|x86
	EndGlobalSection
	GlobalSection(SolutionProperties) = preSolution
		HideSolutionNode = FALSE
	EndGlobalSection
EndGlobal
